
Microsoft Visual Studio Solution File, Format Version 12.00
# Visual Studio Version 16
VisualStudioVersion = 16.0.29209.152
MinimumVisualStudioVersion = 10.0.40219.1
Project("{9A19103F-16F7-4668-BE54-9A1E7A4F7556}") = "NextStopAnnouncementGenerator.App", "App\NextStopAnnouncementGenerator.App.csproj", "{278F8C66-057D-4EDE-B862-A9CFA2E0932A}"
EndProject
Project("{2150E333-8FDC-42A3-9474-1A3956D46DE8}") = "Solution Items", "Solution Items", "{BA566CBC-5929-4BBD-96E0-00A32694C766}"
	ProjectSection(SolutionItems) = preProject
		.editorconfig = .editorconfig
		.gitattributes = .gitattributes
		.gitignore = .gitignore
		azure-pipelines.yml = azure-pipelines.yml
		LICENSE = LICENSE
		NuGet.config = NuGet.config
		README.md = README.md
	EndProjectSection
EndProject
Project("{9A19103F-16F7-4668-BE54-9A1E7A4F7556}") = "NextStopAnnouncementGenerator.Google", "Google\NextStopAnnouncementGenerator.Google.csproj", "{D4770F61-3287-4A28-BB28-0D7A771DEE2E}"
EndProject
Project("{9A19103F-16F7-4668-BE54-9A1E7A4F7556}") = "NextStopAnnouncementGenerator.Core", "Core\NextStopAnnouncementGenerator.Core.csproj", "{01469BD3-D6D1-405E-93E0-DA7614D3AD85}"
EndProject
Global
	GlobalSection(SolutionConfigurationPlatforms) = preSolution
		Debug|Any CPU = Debug|Any CPU
		Release|Any CPU = Release|Any CPU
	EndGlobalSection
	GlobalSection(ProjectConfigurationPlatforms) = postSolution
		{278F8C66-057D-4EDE-B862-A9CFA2E0932A}.Debug|Any CPU.ActiveCfg = Debug|Any CPU
		{278F8C66-057D-4EDE-B862-A9CFA2E0932A}.Debug|Any CPU.Build.0 = Debug|Any CPU
		{278F8C66-057D-4EDE-B862-A9CFA2E0932A}.Release|Any CPU.ActiveCfg = Release|Any CPU
		{278F8C66-057D-4EDE-B862-A9CFA2E0932A}.Release|Any CPU.Build.0 = Release|Any CPU
		{D4770F61-3287-4A28-BB28-0D7A771DEE2E}.Debug|Any CPU.ActiveCfg = Debug|Any CPU
		{D4770F61-3287-4A28-BB28-0D7A771DEE2E}.Debug|Any CPU.Build.0 = Debug|Any CPU
		{D4770F61-3287-4A28-BB28-0D7A771DEE2E}.Release|Any CPU.ActiveCfg = Release|Any CPU
		{D4770F61-3287-4A28-BB28-0D7A771DEE2E}.Release|Any CPU.Build.0 = Release|Any CPU
		{01469BD3-D6D1-405E-93E0-DA7614D3AD85}.Debug|Any CPU.ActiveCfg = Debug|Any CPU
		{01469BD3-D6D1-405E-93E0-DA7614D3AD85}.Debug|Any CPU.Build.0 = Debug|Any CPU
		{01469BD3-D6D1-405E-93E0-DA7614D3AD85}.Release|Any CPU.ActiveCfg = Release|Any CPU
		{01469BD3-D6D1-405E-93E0-DA7614D3AD85}.Release|Any CPU.Build.0 = Release|Any CPU
	EndGlobalSection
	GlobalSection(SolutionProperties) = preSolution
		HideSolutionNode = FALSE
	EndGlobalSection
	GlobalSection(ExtensibilityGlobals) = postSolution
		SolutionGuid = {5CCFC97B-375B-4C50-9BA6-BD483EC67B81}
	EndGlobalSection
EndGlobal
